
Microsoft Visual Studio Solution File, Format Version 12.00
# Visual Studio Version 16
VisualStudioVersion = 16.0.29728.190
MinimumVisualStudioVersion = 10.0.40219.1
Project("{FAE04EC0-301F-11D3-BF4B-00C04F79EFBC}") = "Ad.ExpressionJsonSerializer.Core", "src\Ad.ExpressionJsonSerializer.Core\Ad.ExpressionJsonSerializer.Core.csproj", "{5B843F49-2BD5-40AE-9504-A94D4B963A46}"
EndProject
Project("{FAE04EC0-301F-11D3-BF4B-00C04F79EFBC}") = "Ad.ExpressionJsonSerializer.Core.Tests", "tests\Ad.ExpressionJsonSerializer.Core.Tests\Ad.ExpressionJsonSerializer.Core.Tests.csproj", "{2BDC6800-DFC8-4A09-A1A9-83126A94ABB0}"
EndProject
Project("{2150E333-8FDC-42A3-9474-1A3956D46DE8}") = "src", "src", "{48C68C6F-D203-4917-A9BC-3F0653732B56}"
EndProject
Project("{2150E333-8FDC-42A3-9474-1A3956D46DE8}") = "tests", "tests", "{F47AB3C4-0D81-41AB-8F67-66EDE991FCC4}"
EndProject
Project("{2150E333-8FDC-42A3-9474-1A3956D46DE8}") = "sample", "sample", "{D75D42E3-73B0-48F8-8B9C-953C49979A67}"
EndProject
Project("{FAE04EC0-301F-11D3-BF4B-00C04F79EFBC}") = "Ad.ExpressionJsonSerializer.Core.Sample", "sample\Ad.ExpressionJsonSerializer.Core.Sample\Ad.ExpressionJsonSerializer.Core.Sample.csproj", "{D0922B3C-0ABF-49A9-B675-71EB31FF71C9}"
EndProject
Global
	GlobalSection(SolutionConfigurationPlatforms) = preSolution
		Debug|Any CPU = Debug|Any CPU
		Release|Any CPU = Release|Any CPU
	EndGlobalSection
	GlobalSection(ProjectConfigurationPlatforms) = postSolution
		{5B843F49-2BD5-40AE-9504-A94D4B963A46}.Debug|Any CPU.ActiveCfg = Debug|Any CPU
		{5B843F49-2BD5-40AE-9504-A94D4B963A46}.Debug|Any CPU.Build.0 = Debug|Any CPU
		{5B843F49-2BD5-40AE-9504-A94D4B963A46}.Release|Any CPU.ActiveCfg = Release|Any CPU
		{5B843F49-2BD5-40AE-9504-A94D4B963A46}.Release|Any CPU.Build.0 = Release|Any CPU
		{2BDC6800-DFC8-4A09-A1A9-83126A94ABB0}.Debug|Any CPU.ActiveCfg = Debug|Any CPU
		{2BDC6800-DFC8-4A09-A1A9-83126A94ABB0}.Debug|Any CPU.Build.0 = Debug|Any CPU
		{2BDC6800-DFC8-4A09-A1A9-83126A94ABB0}.Release|Any CPU.ActiveCfg = Release|Any CPU
		{2BDC6800-DFC8-4A09-A1A9-83126A94ABB0}.Release|Any CPU.Build.0 = Release|Any CPU
		{D0922B3C-0ABF-49A9-B675-71EB31FF71C9}.Debug|Any CPU.ActiveCfg = Debug|Any CPU
		{D0922B3C-0ABF-49A9-B675-71EB31FF71C9}.Debug|Any CPU.Build.0 = Debug|Any CPU
		{D0922B3C-0ABF-49A9-B675-71EB31FF71C9}.Release|Any CPU.ActiveCfg = Release|Any CPU
		{D0922B3C-0ABF-49A9-B675-71EB31FF71C9}.Release|Any CPU.Build.0 = Release|Any CPU
	EndGlobalSection
	GlobalSection(SolutionProperties) = preSolution
		HideSolutionNode = FALSE
	EndGlobalSection
	GlobalSection(NestedProjects) = preSolution
		{5B843F49-2BD5-40AE-9504-A94D4B963A46} = {48C68C6F-D203-4917-A9BC-3F0653732B56}
		{2BDC6800-DFC8-4A09-A1A9-83126A94ABB0} = {F47AB3C4-0D81-41AB-8F67-66EDE991FCC4}
		{D0922B3C-0ABF-49A9-B675-71EB31FF71C9} = {D75D42E3-73B0-48F8-8B9C-953C49979A67}
	EndGlobalSection
	GlobalSection(ExtensibilityGlobals) = postSolution
		SolutionGuid = {4DD01BB7-3CE3-4089-8409-9408C6B720DC}
	EndGlobalSection
EndGlobal
